Microsoft Visual Studio Solution File, Format Version 12.00
# Visual Studio Version 17
VisualStudioVersion = 17.5.2.0
MinimumVisualStudioVersion = 10.0.40219.1
Project("{FAE04EC0-301F-11D3-BF4B-00C04F79EFBC}") = "vetor e matriz", "vetor e matriz.csproj", "{60A00D41-0F7C-80C3-C450-C17C7E67853C}"
EndProject
Global
	GlobalSection(SolutionConfigurationPlatforms) = preSolution
		Debug|Any CPU = Debug|Any CPU
		Release|Any CPU = Release|Any CPU
	EndGlobalSection
	GlobalSection(ProjectConfigurationPlatforms) = postSolution
		{60A00D41-0F7C-80C3-C450-C17C7E67853C}.Debug|Any CPU.ActiveCfg = Debug|Any CPU
		{60A00D41-0F7C-80C3-C450-C17C7E67853C}.Debug|Any CPU.Build.0 = Debug|Any CPU
		{60A00D41-0F7C-80C3-C450-C17C7E67853C}.Release|Any CPU.ActiveCfg = Release|Any CPU
		{60A00D41-0F7C-80C3-C450-C17C7E67853C}.Release|Any CPU.Build.0 = Release|Any CPU
	EndGlobalSection
	GlobalSection(SolutionProperties) = preSolution
		HideSolutionNode = FALSE
	EndGlobalSection
	GlobalSection(ExtensibilityGlobals) = postSolution
		SolutionGuid = {62041145-1AB9-4F91-A147-6CDB4057BDFB}
	EndGlobalSection
EndGlobal
